// !$*UTF8*$!
{
	archiveVersion = 1;
	classes = {
	};
	objectVersion = 52;
	objects = {

/* Begin PBXBuildFile section */
		03209E2525EEE78300869E44 /* CryptoSwift.xcframework in Frameworks */ = {isa = PBXBuildFile; fileRef = 03209E1B25EEE74900869E44 /* CryptoSwift.xcframework */; };
		03209E2625EEE78300869E44 /* CryptoSwift.xcframework in Embed Frameworks */ = {isa = PBXBuildFile; fileRef = 03209E1B25EEE74900869E44 /* CryptoSwift.xcframework */; settings = {ATTRIBUTES = (CodeSignOnCopy, RemoveHeadersOnCopy, ); }; };
		AA4447BD20FDB2790071DA70 /* FontAwesome.otf in Resources */ = {isa = PBXBuildFile; fileRef = AA4447BC20FDB2780071DA70 /* FontAwesome.otf */; };
		AA811D8920D284B100F7CFBA /* SettingsViewController.swift in Sources */ = {isa = PBXBuildFile; fileRef = AA811D8820D284B100F7CFBA /* SettingsViewController.swift */; };
		AA811D8B20D2ABBC00F7CFBA /* constants.swift in Sources */ = {isa = PBXBuildFile; fileRef = AA811D8A20D2ABBC00F7CFBA /* constants.swift */; };
		AABC359B20DCD3C5008DDD26 /* Phone.swift in Sources */ = {isa = PBXBuildFile; fileRef = AABC359A20DCD3C5008DDD26 /* Phone.swift */; };
		AAD6FA1620F8BA7300B35D86 /* Settings.bundle in Resources */ = {isa = PBXBuildFile; fileRef = AAD6FA1520F8BA7200B35D86 /* Settings.bundle */; };
		AAF7B46920DAFD8A008237EA /* CryptoHelper.swift in Sources */ = {isa = PBXBuildFile; fileRef = AAF7B46820DAFD8A008237EA /* CryptoHelper.swift */; };
		BE303D8020FCA96000226F7C /* WelcomViewController.swift in Sources */ = {isa = PBXBuildFile; fileRef = BE303D7C20FCA95F00226F7C /* WelcomViewController.swift */; };
		BE303D8120FCA96000226F7C /* AppConfiguration.swift in Sources */ = {isa = PBXBuildFile; fileRef = BE303D7D20FCA95F00226F7C /* AppConfiguration.swift */; };
		BE303D8220FCA96000226F7C /* QRViewController.swift in Sources */ = {isa = PBXBuildFile; fileRef = BE303D7E20FCA95F00226F7C /* QRViewController.swift */; };
		BE303D8320FCA96000226F7C /* EmailViewController.swift in Sources */ = {isa = PBXBuildFile; fileRef = BE303D7F20FCA95F00226F7C /* EmailViewController.swift */; };
		BE31BFC820C44A8D008F79C6 /* NotificationTableViewCell.swift in Sources */ = {isa = PBXBuildFile; fileRef = BE31BFC720C44A8D008F79C6 /* NotificationTableViewCell.swift */; };
		BE92215020C49B9B00F8EB93 /* NotificationTableViewController.swift in Sources */ = {isa = PBXBuildFile; fileRef = BE92214F20C49B9B00F8EB93 /* NotificationTableViewController.swift */; };
		BE92215420C49C6F00F8EB93 /* BisqNotification.swift in Sources */ = {isa = PBXBuildFile; fileRef = BE92215320C49C6F00F8EB93 /* BisqNotification.swift */; };
		BE92215620C4AC0700F8EB93 /* NotificationDetailViewController.swift in Sources */ = {isa = PBXBuildFile; fileRef = BE92215520C4AC0700F8EB93 /* NotificationDetailViewController.swift */; };
		BEFB45EA20C34BC10052C91A /* AppDelegate.swift in Sources */ = {isa = PBXBuildFile; fileRef = BEFB45E920C34BC10052C91A /* AppDelegate.swift */; };
		BEFB45EF20C34BC10052C91A /* Main.storyboard in Resources */ = {isa = PBXBuildFile; fileRef = BEFB45ED20C34BC10052C91A /* Main.storyboard */; };
		BEFB45F120C34BC10052C91A /* Assets.xcassets in Resources */ = {isa = PBXBuildFile; fileRef = BEFB45F020C34BC10052C91A /* Assets.xcassets */; };
		BEFB45F420C34BC10052C91A /* LaunchScreen.storyboard in Resources */ = {isa = PBXBuildFile; fileRef = BEFB45F220C34BC10052C91A /* LaunchScreen.storyboard */; };
/* End PBXBuildFile section */

/* Begin PBXCopyFilesBuildPhase section */
		03209E2725EEE78300869E44 /* Embed Frameworks */ = {
			isa = PBXCopyFilesBuildPhase;
			buildActionMask = 2147483647;
			dstPath = "";
			dstSubfolderSpec = 10;
			files = (
				03209E2625EEE78300869E44 /* CryptoSwift.xcframework in Embed Frameworks */,
			);
			name = "Embed Frameworks";
			runOnlyForDeploymentPostprocessing = 0;
		};
/* End PBXCopyFilesBuildPhase section */

/* Begin PBXFileReference section */
		03209E1B25EEE74900869E44 /* CryptoSwift.xcframework */ = {isa = PBXFileReference; lastKnownFileType = wrapper.xcframework; name = CryptoSwift.xcframework; path = Carthage/Build/CryptoSwift.xcframework; sourceTree = "<group>"; };
		AA4447BC20FDB2780071DA70 /* FontAwesome.otf */ = {isa = PBXFileReference; lastKnownFileType = file; path = FontAwesome.otf; sourceTree = "<group>"; };
		AA811D8820D284B100F7CFBA /* SettingsViewController.swift */ = {isa = PBXFileReference; lastKnownFileType = sourcecode.swift; path = SettingsViewController.swift; sourceTree = "<group>"; };
		AA811D8A20D2ABBC00F7CFBA /* constants.swift */ = {isa = PBXFileReference; lastKnownFileType = sourcecode.swift; path = constants.swift; sourceTree = "<group>"; };
		AABC359A20DCD3C5008DDD26 /* Phone.swift */ = {isa = PBXFileReference; lastKnownFileType = sourcecode.swift; path = Phone.swift; sourceTree = "<group>"; };
		AAD6FA1520F8BA7200B35D86 /* Settings.bundle */ = {isa = PBXFileReference; lastKnownFileType = "wrapper.plug-in"; name = Settings.bundle; path = bisqremote/Settings.bundle; sourceTree = SOURCE_ROOT; };
		AAF7B46820DAFD8A008237EA /* CryptoHelper.swift */ = {isa = PBXFileReference; lastKnownFileType = sourcecode.swift; path = CryptoHelper.swift; sourceTree = "<group>"; };
		BE303D7C20FCA95F00226F7C /* WelcomViewController.swift */ = {isa = PBXFileReference; fileEncoding = 4; lastKnownFileType = sourcecode.swift; path = WelcomViewController.swift; sourceTree = "<group>"; };
		BE303D7D20FCA95F00226F7C /* AppConfiguration.swift */ = {isa = PBXFileReference; fileEncoding = 4; lastKnownFileType = sourcecode.swift; path = AppConfiguration.swift; sourceTree = "<group>"; };
		BE303D7E20FCA95F00226F7C /* QRViewController.swift */ = {isa = PBXFileReference; fileEncoding = 4; lastKnownFileType = sourcecode.swift; path = QRViewController.swift; sourceTree = "<group>"; };
		BE303D7F20FCA95F00226F7C /* EmailViewController.swift */ = {isa = PBXFileReference; fileEncoding = 4; lastKnownFileType = sourcecode.swift; path = EmailViewController.swift; sourceTree = "<group>"; };
		BE31BFC720C44A8D008F79C6 /* NotificationTableViewCell.swift */ = {isa = PBXFileReference; lastKnownFileType = sourcecode.swift; path = NotificationTableViewCell.swift; sourceTree = "<group>"; };
		BE92214F20C49B9B00F8EB93 /* NotificationTableViewController.swift */ = {isa = PBXFileReference; lastKnownFileType = sourcecode.swift; path = NotificationTableViewController.swift; sourceTree = "<group>"; };
		BE92215320C49C6F00F8EB93 /* BisqNotification.swift */ = {isa = PBXFileReference; lastKnownFileType = sourcecode.swift; path = BisqNotification.swift; sourceTree = "<group>"; };
		BE92215520C4AC0700F8EB93 /* NotificationDetailViewController.swift */ = {isa = PBXFileReference; lastKnownFileType = sourcecode.swift; path = NotificationDetailViewController.swift; sourceTree = "<group>"; };
		BEE7F4EE20F3E589003B0CC9 /* CryptoSwift.framework */ = {isa = PBXFileReference; lastKnownFileType = wrapper.framework; name = CryptoSwift.framework; path = Carthage/Build/iOS/CryptoSwift.framework; sourceTree = "<group>"; };
		BEFB45E620C34BC10052C91A /* bisqremote.app */ = {isa = PBXFileReference; explicitFileType = wrapper.application; includeInIndex = 0; path = bisqremote.app; sourceTree = BUILT_PRODUCTS_DIR; };
		BEFB45E920C34BC10052C91A /* AppDelegate.swift */ = {isa = PBXFileReference; lastKnownFileType = sourcecode.swift; path = AppDelegate.swift; sourceTree = "<group>"; };
		BEFB45EE20C34BC10052C91A /* Base */ = {isa = PBXFileReference; lastKnownFileType = file.storyboard; name = Base; path = Base.lproj/Main.storyboard; sourceTree = "<group>"; };
		BEFB45F020C34BC10052C91A /* Assets.xcassets */ = {isa = PBXFileReference; lastKnownFileType = folder.assetcatalog; path = Assets.xcassets; sourceTree = "<group>"; };
		BEFB45F320C34BC10052C91A /* Base */ = {isa = PBXFileReference; lastKnownFileType = file.storyboard; name = Base; path = Base.lproj/LaunchScreen.storyboard; sourceTree = "<group>"; };
		BEFB45F520C34BC10052C91A /* Ibisqremotefo.plist */ = {isa = PBXFileReference; lastKnownFileType = text.plist.xml; path = Ibisqremotefo.plist; sourceTree = "<group>"; };
		BEFB45FC20C355870052C91A /* bisqremote.entitlements */ = {isa = PBXFileReference; lastKnownFileType = text.plist.entitlements; path = bisqremote.entitlements; sourceTree = "<group>"; };
/* End PBXFileReference section */

/* Begin PBXFrameworksBuildPhase section */
		BEFB45E320C34BC10052C91A /* Frameworks */ = {
			isa = PBXFrameworksBuildPhase;
			buildActionMask = 2147483647;
			files = (
				03209E2525EEE78300869E44 /* CryptoSwift.xcframework in Frameworks */,
			);
			runOnlyForDeploymentPostprocessing = 0;
		};
/* End PBXFrameworksBuildPhase section */

/* Begin PBXGroup section */
		AAECD59E20D3098300F80E3A /* Crypto */ = {
			isa = PBXGroup;
			children = (
				AAF7B46820DAFD8A008237EA /* CryptoHelper.swift */,
			);
			path = Crypto;
			sourceTree = "<group>";
		};
		AAF7B46420DAF789008237EA /* Frameworks */ = {
			isa = PBXGroup;
			children = (
				03209E1B25EEE74900869E44 /* CryptoSwift.xcframework */,
				BEE7F4EE20F3E589003B0CC9 /* CryptoSwift.framework */,
			);
			name = Frameworks;
			sourceTree = "<group>";
		};
		BEFB45DD20C34BC10052C91A = {
			isa = PBXGroup;
			children = (
				BEFB45E820C34BC10052C91A /* bisqremote */,
				BEFB45E720C34BC10052C91A /* Products */,
				AAF7B46420DAF789008237EA /* Frameworks */,
			);
			sourceTree = "<group>";
		};
		BEFB45E720C34BC10052C91A /* Products */ = {
			isa = PBXGroup;
			children = (
				BEFB45E620C34BC10052C91A /* bisqremote.app */,
			);
			name = Products;
			sourceTree = "<group>";
		};
		BEFB45E820C34BC10052C91A /* bisqremote */ = {
			isa = PBXGroup;
			children = (
				AA4447BC20FDB2780071DA70 /* FontAwesome.otf */,
				BE303D7D20FCA95F00226F7C /* AppConfiguration.swift */,
				BE303D7F20FCA95F00226F7C /* EmailViewController.swift */,
				BE303D7E20FCA95F00226F7C /* QRViewController.swift */,
				BE303D7C20FCA95F00226F7C /* WelcomViewController.swift */,
				AAECD59E20D3098300F80E3A /* Crypto */,
				BEFB45ED20C34BC10052C91A /* Main.storyboard */,
				BEFB45E920C34BC10052C91A /* AppDelegate.swift */,
				BE92214F20C49B9B00F8EB93 /* NotificationTableViewController.swift */,
				BE31BFC720C44A8D008F79C6 /* NotificationTableViewCell.swift */,
				BE92215520C4AC0700F8EB93 /* NotificationDetailViewController.swift */,
				AA811D8820D284B100F7CFBA /* SettingsViewController.swift */,
				AABC359A20DCD3C5008DDD26 /* Phone.swift */,
				BE92215320C49C6F00F8EB93 /* BisqNotification.swift */,
				AA811D8A20D2ABBC00F7CFBA /* constants.swift */,
				BEFB45F020C34BC10052C91A /* Assets.xcassets */,
				BEFB45FC20C355870052C91A /* bisqremote.entitlements */,
				BEFB45F220C34BC10052C91A /* LaunchScreen.storyboard */,
				BEFB45F520C34BC10052C91A /* Ibisqremotefo.plist */,
				AAD6FA1520F8BA7200B35D86 /* Settings.bundle */,
			);
			path = bisqremote;
			sourceTree = "<group>";
		};
/* End PBXGroup section */

/* Begin PBXNativeTarget section */
		BEFB45E520C34BC10052C91A /* bisqremote */ = {
			isa = PBXNativeTarget;
			buildConfigurationList = BEFB45F820C34BC10052C91A /* Build configuration list for PBXNativeTarget "bisqremote" */;
			buildPhases = (
				BEFB45E220C34BC10052C91A /* Sources */,
				BEFB45E320C34BC10052C91A /* Frameworks */,
				BEFB45E420C34BC10052C91A /* Resources */,
				BEE7F4F020F3E5AC003B0CC9 /* ShellScript */,
				03209E2725EEE78300869E44 /* Embed Frameworks */,
			);
			buildRules = (
			);
			dependencies = (
			);
			name = bisqremote;
			productName = n;
			productReference = BEFB45E620C34BC10052C91A /* bisqremote.app */;
			productType = "com.apple.product-type.application";
		};
/* End PBXNativeTarget section */

/* Begin PBXProject section */
		BEFB45DE20C34BC10052C91A /* Project object */ = {
			isa = PBXProject;
			attributes = {
				LastSwiftUpdateCheck = 0940;
				LastUpgradeCheck = 1000;
				ORGANIZATIONNAME = "joachim Neumann";
				TargetAttributes = {
					BEFB45E520C34BC10052C91A = {
						CreatedOnToolsVersion = 9.4;
						LastSwiftMigration = 0940;
						SystemCapabilities = {
							com.apple.BackgroundModes = {
								enabled = 1;
							};
							com.apple.InAppPurchase = {
								enabled = 0;
							};
							com.apple.Push = {
								enabled = 1;
							};
						};
					};
				};
			};
			buildConfigurationList = BEFB45E120C34BC10052C91A /* Build configuration list for PBXProject "bisqremote" */;
			compatibilityVersion = "Xcode 9.3";
			developmentRegion = en;
			hasScannedForEncodings = 0;
			knownRegions = (
				en,
				Base,
			);
			mainGroup = BEFB45DD20C34BC10052C91A;
			productRefGroup = BEFB45E720C34BC10052C91A /* Products */;
			projectDirPath = "";
			projectRoot = "";
			targets = (
				BEFB45E520C34BC10052C91A /* bisqremote */,
			);
		};
/* End PBXProject section */

/* Begin PBXResourcesBuildPhase section */
		BEFB45E420C34BC10052C91A /* Resources */ = {
			isa = PBXResourcesBuildPhase;
			buildActionMask = 2147483647;
			files = (
				AAD6FA1620F8BA7300B35D86 /* Settings.bundle in Resources */,
				AA4447BD20FDB2790071DA70 /* FontAwesome.otf in Resources */,
				BEFB45F420C34BC10052C91A /* LaunchScreen.storyboard in Resources */,
				BEFB45F120C34BC10052C91A /* Assets.xcassets in Resources */,
				BEFB45EF20C34BC10052C91A /* Main.storyboard in Resources */,
			);
			runOnlyForDeploymentPostprocessing = 0;
		};
/* End PBXResourcesBuildPhase section */

/* Begin PBXShellScriptBuildPhase section */
		BEE7F4F020F3E5AC003B0CC9 /* ShellScript */ = {
			isa = PBXShellScriptBuildPhase;
			buildActionMask = 2147483647;
			files = (
			);
			inputPaths = (
				"$(SRCROOT)/Carthage/Build/iOS/CryptoSwift.framework",
			);
			outputPaths = (
				"$(DERIVED_FILE_DIR)/CryptoSwift.framework",
			);
			runOnlyForDeploymentPostprocessing = 0;
			shellPath = /bin/sh;
			shellScript = "/usr/local/bin/carthage copy-frameworks";
		};
/* End PBXShellScriptBuildPhase section */

/* Begin PBXSourcesBuildPhase section */
		BEFB45E220C34BC10052C91A /* Sources */ = {
			isa = PBXSourcesBuildPhase;
			buildActionMask = 2147483647;
			files = (
				BE92215420C49C6F00F8EB93 /* BisqNotification.swift in Sources */,
				BE31BFC820C44A8D008F79C6 /* NotificationTableViewCell.swift in Sources */,
				AA811D8920D284B100F7CFBA /* SettingsViewController.swift in Sources */,
				AABC359B20DCD3C5008DDD26 /* Phone.swift in Sources */,
				AA811D8B20D2ABBC00F7CFBA /* constants.swift in Sources */,
				BE303D8120FCA96000226F7C /* AppConfiguration.swift in Sources */,
				BE303D8320FCA96000226F7C /* EmailViewController.swift in Sources */,
				BE92215620C4AC0700F8EB93 /* NotificationDetailViewController.swift in Sources */,
				BE92215020C49B9B00F8EB93 /* NotificationTableViewController.swift in Sources */,
				AAF7B46920DAFD8A008237EA /* CryptoHelper.swift in Sources */,
				BEFB45EA20C34BC10052C91A /* AppDelegate.swift in Sources */,
				BE303D8020FCA96000226F7C /* WelcomViewController.swift in Sources */,
				BE303D8220FCA96000226F7C /* QRViewController.swift in Sources */,
			);
			runOnlyForDeploymentPostprocessing = 0;
		};
/* End PBXSourcesBuildPhase section */

/* Begin PBXVariantGroup section */
		BEFB45ED20C34BC10052C91A /* Main.storyboard */ = {
			isa = PBXVariantGroup;
			children = (
				BEFB45EE20C34BC10052C91A /* Base */,
			);
			name = Main.storyboard;
			sourceTree = "<group>";
		};
		BEFB45F220C34BC10052C91A /* LaunchScreen.storyboard */ = {
			isa = PBXVariantGroup;
			children = (
				BEFB45F320C34BC10052C91A /* Base */,
			);
			name = LaunchScreen.storyboard;
			sourceTree = "<group>";
		};
/* End PBXVariantGroup section */

/* Begin XCBuildConfiguration section */
		BEFB45F620C34BC10052C91A /* Debug */ = {
			isa = XCBuildConfiguration;
			buildSettings = {
				ALWAYS_SEARCH_USER_PATHS = NO;
				CLANG_ANALYZER_NONNULL = YES;
				CLANG_ANALYZER_NUMBER_OBJECT_CONVERSION = YES_AGGRESSIVE;
				CLANG_CXX_LANGUAGE_STANDARD = "gnu++14";
				CLANG_CXX_LIBRARY = "libc++";
				CLANG_ENABLE_MODULES = YES;
				CLANG_ENABLE_OBJC_ARC = YES;
				CLANG_ENABLE_OBJC_WEAK = YES;
				CLANG_WARN_BLOCK_CAPTURE_AUTORELEASING = YES;
				CLANG_WARN_BOOL_CONVERSION = YES;
				CLANG_WARN_COMMA = YES;
				CLANG_WARN_CONSTANT_CONVERSION = YES;
				CLANG_WARN_DEPRECATED_OBJC_IMPLEMENTATIONS = YES;
				CLANG_WARN_DIRECT_OBJC_ISA_USAGE = YES_ERROR;
				CLANG_WARN_DOCUMENTATION_COMMENTS = YES;
				CLANG_WARN_EMPTY_BODY = YES;
				CLANG_WARN_ENUM_CONVERSION = YES;
				CLANG_WARN_INFINITE_RECURSION = YES;
				CLANG_WARN_INT_CONVERSION = YES;
				CLANG_WARN_NON_LITERAL_NULL_CONVERSION = YES;
				CLANG_WARN_OBJC_IMPLICIT_RETAIN_SELF = YES;
				CLANG_WARN_OBJC_LITERAL_CONVERSION = YES;
				CLANG_WARN_OBJC_ROOT_CLASS = YES_ERROR;
				CLANG_WARN_RANGE_LOOP_ANALYSIS = YES;
				CLANG_WARN_STRICT_PROTOTYPES = YES;
				CLANG_WARN_SUSPICIOUS_MOVE = YES;
				CLANG_WARN_UNGUARDED_AVAILABILITY = YES_AGGRESSIVE;
				CLANG_WARN_UNREACHABLE_CODE = YES;
				CLANG_WARN__DUPLICATE_METHOD_MATCH = YES;
				CODE_SIGN_IDENTITY = "iPhone Developer";
				COPY_PHASE_STRIP = NO;
				DEBUG_INFORMATION_FORMAT = dwarf;
				ENABLE_STRICT_OBJC_MSGSEND = YES;
				ENABLE_TESTABILITY = YES;
				GCC_C_LANGUAGE_STANDARD = gnu11;
				GCC_DYNAMIC_NO_PIC = NO;
				GCC_NO_COMMON_BLOCKS = YES;
				GCC_OPTIMIZATION_LEVEL = 0;
				GCC_PREPROCESSOR_DEFINITIONS = (
					"DEBUG=1",
					"$(inherited)",
				);
				GCC_WARN_64_TO_32_BIT_CONVERSION = YES;
				GCC_WARN_ABOUT_RETURN_TYPE = YES_ERROR;
				GCC_WARN_UNDECLARED_SELECTOR = YES;
				GCC_WARN_UNINITIALIZED_AUTOS = YES_AGGRESSIVE;
				GCC_WARN_UNUSED_FUNCTION = YES;
				GCC_WARN_UNUSED_VARIABLE = YES;
				IPHONEOS_DEPLOYMENT_TARGET = 11.4;
				MTL_ENABLE_DEBUG_INFO = YES;
				ONLY_ACTIVE_ARCH = YES;
				SDKROOT = iphoneos;
				SWIFT_ACTIVE_COMPILATION_CONDITIONS = DEBUG;
				SWIFT_OPTIMIZATION_LEVEL = "-Onone";
			};
			name = Debug;
		};
		BEFB45F720C34BC10052C91A /* Release */ = {
			isa = XCBuildConfiguration;
			buildSettings = {
				ALWAYS_SEARCH_USER_PATHS = NO;
				CLANG_ANALYZER_NONNULL = YES;
				CLANG_ANALYZER_NUMBER_OBJECT_CONVERSION = YES_AGGRESSIVE;
				CLANG_CXX_LANGUAGE_STANDARD = "gnu++14";
				CLANG_CXX_LIBRARY = "libc++";
				CLANG_ENABLE_MODULES = YES;
				CLANG_ENABLE_OBJC_ARC = YES;
				CLANG_ENABLE_OBJC_WEAK = YES;
				CLANG_WARN_BLOCK_CAPTURE_AUTORELEASING = YES;
				CLANG_WARN_BOOL_CONVERSION = YES;
				CLANG_WARN_COMMA = YES;
				CLANG_WARN_CONSTANT_CONVERSION = YES;
				CLANG_WARN_DEPRECATED_OBJC_IMPLEMENTATIONS = YES;
				CLANG_WARN_DIRECT_OBJC_ISA_USAGE = YES_ERROR;
				CLANG_WARN_DOCUMENTATION_COMMENTS = YES;
				CLANG_WARN_EMPTY_BODY = YES;
				CLANG_WARN_ENUM_CONVERSION = YES;
				CLANG_WARN_INFINITE_RECURSION = YES;
				CLANG_WARN_INT_CONVERSION = YES;
				CLANG_WARN_NON_LITERAL_NULL_CONVERSION = YES;
				CLANG_WARN_OBJC_IMPLICIT_RETAIN_SELF = YES;
				CLANG_WARN_OBJC_LITERAL_CONVERSION = YES;
				CLANG_WARN_OBJC_ROOT_CLASS = YES_ERROR;
				CLANG_WARN_RANGE_LOOP_ANALYSIS = YES;
				CLANG_WARN_STRICT_PROTOTYPES = YES;
				CLANG_WARN_SUSPICIOUS_MOVE = YES;
				CLANG_WARN_UNGUARDED_AVAILABILITY = YES_AGGRESSIVE;
				CLANG_WARN_UNREACHABLE_CODE = YES;
				CLANG_WARN__DUPLICATE_METHOD_MATCH = YES;
				CODE_SIGN_IDENTITY = "iPhone Developer";
				COPY_PHASE_STRIP = NO;
				DEBUG_INFORMATION_FORMAT = "dwarf-with-dsym";
				ENABLE_NS_ASSERTIONS = NO;
				ENABLE_STRICT_OBJC_MSGSEND = YES;
				GCC_C_LANGUAGE_STANDARD = gnu11;
				GCC_NO_COMMON_BLOCKS = YES;
				GCC_WARN_64_TO_32_BIT_CONVERSION = YES;
				GCC_WARN_ABOUT_RETURN_TYPE = YES_ERROR;
				GCC_WARN_UNDECLARED_SELECTOR = YES;
				GCC_WARN_UNINITIALIZED_AUTOS = YES_AGGRESSIVE;
				GCC_WARN_UNUSED_FUNCTION = YES;
				GCC_WARN_UNUSED_VARIABLE = YES;
				IPHONEOS_DEPLOYMENT_TARGET = 11.4;
				MTL_ENABLE_DEBUG_INFO = NO;
				SDKROOT = iphoneos;
				SWIFT_COMPILATION_MODE = wholemodule;
				SWIFT_OPTIMIZATION_LEVEL = "-O";
				VALIDATE_PRODUCT = YES;
			};
			name = Release;
		};
		BEFB45F920C34BC10052C91A /* Debug */ = {
			isa = XCBuildConfiguration;
			buildSettings = {
				ALWAYS_EMBED_SWIFT_STANDARD_LIBRARIES = YES;
				ASSETCATALOG_COMPILER_APPICON_NAME = AppIcon;
				CLANG_ENABLE_MODULES = YES;
				CODE_SIGN_ENTITLEMENTS = bisqremote/bisqremote.entitlements;
				CODE_SIGN_IDENTITY = "iPhone Developer";
				CODE_SIGN_STYLE = Automatic;
				DEVELOPMENT_TEAM = 8A4DL788W9;
				FRAMEWORK_SEARCH_PATHS = (
					"$(inherited)",
					"$(PROJECT_DIR)",
					"$(PROJECT_DIR)/Carthage/Build/iOS",
					"$(PROJECT_DIR)/Carthage/Build/Mac",
				);
				INFOPLIST_FILE = bisqremote/Ibisqremotefo.plist;
				IPHONEOS_DEPLOYMENT_TARGET = 10.0;
				LD_RUNPATH_SEARCH_PATHS = (
					"$(inherited)",
					"@executable_path/Frameworks",
				);
				PRODUCT_BUNDLE_IDENTIFIER = bisqremote.joachimneumann.com;
				PRODUCT_NAME = "$(TARGET_NAME)";
				PROVISIONING_PROFILE = "";
				PROVISIONING_PROFILE_SPECIFIER = "";
				SWIFT_OBJC_BRIDGING_HEADER = "";
				SWIFT_OPTIMIZATION_LEVEL = "-Onone";
				SWIFT_VERSION = 4.2;
				TARGETED_DEVICE_FAMILY = 1;
			};
			name = Debug;
		};
		BEFB45FA20C34BC10052C91A /* Release */ = {
			isa = XCBuildConfiguration;
			buildSettings = {
				ALWAYS_EMBED_SWIFT_STANDARD_LIBRARIES = YES;
				ASSETCATALOG_COMPILER_APPICON_NAME = AppIcon;
				CLANG_ENABLE_MODULES = YES;
				CODE_SIGN_ENTITLEMENTS = bisqremote/bisqremote.entitlements;
				CODE_SIGN_IDENTITY = "iPhone Developer";
				CODE_SIGN_STYLE = Automatic;
				DEVELOPMENT_TEAM = 8A4DL788W9;
				FRAMEWORK_SEARCH_PATHS = (
					"$(inherited)",
					"$(PROJECT_DIR)",
					"$(PROJECT_DIR)/Carthage/Build/iOS",
					"$(PROJECT_DIR)/Carthage/Build/Mac",
				);
				INFOPLIST_FILE = bisqremote/Ibisqremotefo.plist;
				IPHONEOS_DEPLOYMENT_TARGET = 10.0;
				LD_RUNPATH_SEARCH_PATHS = (
					"$(inherited)",
					"@executable_path/Frameworks",
				);
				PRODUCT_BUNDLE_IDENTIFIER = bisqremote.joachimneumann.com;
				PRODUCT_NAME = "$(TARGET_NAME)";
				PROVISIONING_PROFILE_SPECIFIER = "";
				SWIFT_OBJC_BRIDGING_HEADER = "";
				SWIFT_VERSION = 4.2;
				TARGETED_DEVICE_FAMILY = 1;
			};
			name = Release;
		};
/* End XCBuildConfiguration section */

/* Begin XCConfigurationList section */
		BEFB45E120C34BC10052C91A /* Build configuration list for PBXProject "bisqremote" */ = {
			isa = XCConfigurationList;
			buildConfigurations = (
				BEFB45F620C34BC10052C91A /* Debug */,
				BEFB45F720C34BC10052C91A /* Release */,
			);
			defaultConfigurationIsVisible = 0;
			defaultConfigurationName = Release;
		};
		BEFB45F820C34BC10052C91A /* Build configuration list for PBXNativeTarget "bisqremote" */ = {
			isa = XCConfigurationList;
			buildConfigurations = (
				BEFB45F920C34BC10052C91A /* Debug */,
				BEFB45FA20C34BC10052C91A /* Release */,
			);
			defaultConfigurationIsVisible = 0;
			defaultConfigurationName = Release;
		};
/* End XCConfigurationList section */
	};
	rootObject = BEFB45DE20C34BC10052C91A /* Project object */;
}
